{
  "name": "@vinhnx/vtcode",
  "version": "0.52.1",
  "lockfileVersion": 3,
  "requires": true,
  "packages": {
    "": {
      "name": "@vinhnx/vtcode",
      "version": "0.52.1",
      "cpu": [
        "x64",
        "arm64"
      ],
      "hasInstallScript": true,
      "license": "MIT",
      "os": [
        "darwin",
        "linux",
        "win32"
      ],
      "bin": {
        "vtcode": "bin/vtcode"
      },
      "engines": {
        "node": ">=14.0.0"
      }
    }
  }
}
